// !$*UTF8*$!
{
	archiveVersion = 1;
	classes = {
	};
	objectVersion = 56;
	objects = {

/* Begin PBXBuildFile section */
		C6D0BBBC296BA44C0027D099 /* AppDelegate.swift in Sources */ = {isa = PBXBuildFile; fileRef = C6D0BBBB296BA44C0027D099 /* AppDelegate.swift */; };
		C6D0BBBE296BA44C0027D099 /* SceneDelegate.swift in Sources */ = {isa = PBXBuildFile; fileRef = C6D0BBBD296BA44C0027D099 /* SceneDelegate.swift */; };
		C6D0BBC0296BA44C0027D099 /* ViewController.swift in Sources */ = {isa = PBXBuildFile; fileRef = C6D0BBBF296BA44C0027D099 /* ViewController.swift */; };
		C6D0BBC3296BA44C0027D099 /* Main.storyboard in Resources */ = {isa = PBXBuildFile; fileRef = C6D0BBC1296BA44C0027D099 /* Main.storyboard */; };
		C6D0BBC5296BA44E0027D099 /* Assets.xcassets in Resources */ = {isa = PBXBuildFile; fileRef = C6D0BBC4296BA44E0027D099 /* Assets.xcassets */; };
		C6D0BBC8296BA44E0027D099 /* LaunchScreen.storyboard in Resources */ = {isa = PBXBuildFile; fileRef = C6D0BBC6296BA44E0027D099 /* LaunchScreen.storyboard */; };
		C6D0BBD0296BAB1E0027D099 /* QRCodeViewController.swift in Sources */ = {isa = PBXBuildFile; fileRef = C6D0BBCF296BAB1E0027D099 /* QRCodeViewController.swift */; };
		C6D0BBD2296D0DC90027D099 /* CaptureManager.swift in Sources */ = {isa = PBXBuildFile; fileRef = C6D0BBD1296D0DC90027D099 /* CaptureManager.swift */; };
		C6D0BBDD296E52630027D099 /* OpenCVWrapper.mm in Sources */ = {isa = PBXBuildFile; fileRef = C6D0BBDC296E52630027D099 /* OpenCVWrapper.mm */; };
		C6D0BBE0296E5D390027D099 /* DetectViewController.swift in Sources */ = {isa = PBXBuildFile; fileRef = C6D0BBDF296E5D390027D099 /* DetectViewController.swift */; };
		C6D0BBF7296E68410027D099 /* CoreMedia.framework in Frameworks */ = {isa = PBXBuildFile; fileRef = C6D0BBF6296E68410027D099 /* CoreMedia.framework */; };
		C6D0BBF9296E68500027D099 /* CoreVideo.framework in Frameworks */ = {isa = PBXBuildFile; fileRef = C6D0BBF8296E68500027D099 /* CoreVideo.framework */; };
		C6D0BBFB296E68580027D099 /* AVFoundation.framework in Frameworks */ = {isa = PBXBuildFile; fileRef = C6D0BBFA296E68580027D099 /* AVFoundation.framework */; };
		C6D0BBFD296E68600027D099 /* CoreGraphics.framework in Frameworks */ = {isa = PBXBuildFile; fileRef = C6D0BBFC296E68600027D099 /* CoreGraphics.framework */; };
		C6D0BBFF296E686A0027D099 /* Foundation.framework in Frameworks */ = {isa = PBXBuildFile; fileRef = C6D0BBFE296E686A0027D099 /* Foundation.framework */; };
		C6D0BC01296E68740027D099 /* ImageIO.framework in Frameworks */ = {isa = PBXBuildFile; fileRef = C6D0BC00296E68730027D099 /* ImageIO.framework */; };
		C6D0BC03296E68840027D099 /* UIKit.framework in Frameworks */ = {isa = PBXBuildFile; fileRef = C6D0BC02296E68840027D099 /* UIKit.framework */; };
		C6D0BC07296E68C50027D099 /* QuartzCore.framework in Frameworks */ = {isa = PBXBuildFile; fileRef = C6D0BC06296E68C50027D099 /* QuartzCore.framework */; };
		C6D0BC29296E6E380027D099 /* AssetsLibrary.framework in Frameworks */ = {isa = PBXBuildFile; fileRef = C6D0BC28296E6E370027D099 /* AssetsLibrary.framework */; };
		F8D381A274F9E699EB355257 /* QRCodeUtils.swift in Sources */ = {isa = PBXBuildFile; fileRef = F8D38A48CA4AAB6ECC5716E8 /* QRCodeUtils.swift */; };
		F8D3837865034348CE5EC68F /* Solution.swift in Sources */ = {isa = PBXBuildFile; fileRef = F8D3803A2C7E0EEDC6CE6979 /* Solution.swift */; };
		F8D38D6E3BD8B8F82ACE9423 /* RectangleUtil.swift in Sources */ = {isa = PBXBuildFile; fileRef = F8D3851A13D65BA3978134EB /* RectangleUtil.swift */; };
/* End PBXBuildFile section */

/* Begin PBXFileReference section */
		C6D0BBB8296BA44C0027D099 /* Fibonaci.app */ = {isa = PBXFileReference; explicitFileType = wrapper.application; includeInIndex = 0; path = Fibonaci.app; sourceTree = BUILT_PRODUCTS_DIR; };
		C6D0BBBB296BA44C0027D099 /* AppDelegate.swift */ = {isa = PBXFileReference; lastKnownFileType = sourcecode.swift; path = AppDelegate.swift; sourceTree = "<group>"; };
		C6D0BBBD296BA44C0027D099 /* SceneDelegate.swift */ = {isa = PBXFileReference; lastKnownFileType = sourcecode.swift; path = SceneDelegate.swift; sourceTree = "<group>"; };
		C6D0BBBF296BA44C0027D099 /* ViewController.swift */ = {isa = PBXFileReference; lastKnownFileType = sourcecode.swift; path = ViewController.swift; sourceTree = "<group>"; };
		C6D0BBC2296BA44C0027D099 /* Base */ = {isa = PBXFileReference; lastKnownFileType = file.storyboard; name = Base; path = Base.lproj/Main.storyboard; sourceTree = "<group>"; };
		C6D0BBC4296BA44E0027D099 /* Assets.xcassets */ = {isa = PBXFileReference; lastKnownFileType = folder.assetcatalog; path = Assets.xcassets; sourceTree = "<group>"; };
		C6D0BBC7296BA44E0027D099 /* Base */ = {isa = PBXFileReference; lastKnownFileType = file.storyboard; name = Base; path = Base.lproj/LaunchScreen.storyboard; sourceTree = "<group>"; };
		C6D0BBC9296BA44E0027D099 /* Info.plist */ = {isa = PBXFileReference; lastKnownFileType = text.plist.xml; path = Info.plist; sourceTree = "<group>"; };
		C6D0BBCF296BAB1E0027D099 /* QRCodeViewController.swift */ = {isa = PBXFileReference; lastKnownFileType = sourcecode.swift; path = QRCodeViewController.swift; sourceTree = "<group>"; };
		C6D0BBD1296D0DC90027D099 /* CaptureManager.swift */ = {isa = PBXFileReference; lastKnownFileType = sourcecode.swift; path = CaptureManager.swift; sourceTree = "<group>"; };
		C6D0BBD5296E51D90027D099 /* Fibonaci-Bridging-Header.h */ = {isa = PBXFileReference; lastKnownFileType = sourcecode.c.h; path = "Fibonaci-Bridging-Header.h"; sourceTree = "<group>"; };
		C6D0BBDB296E52630027D099 /* OpenCVWrapper.h */ = {isa = PBXFileReference; lastKnownFileType = sourcecode.c.h; path = OpenCVWrapper.h; sourceTree = "<group>"; };
		C6D0BBDC296E52630027D099 /* OpenCVWrapper.mm */ = {isa = PBXFileReference; lastKnownFileType = sourcecode.cpp.objcpp; path = OpenCVWrapper.mm; sourceTree = "<group>"; };
		C6D0BBDE296E53800027D099 /* Fibonaci-Prefix.pch */ = {isa = PBXFileReference; lastKnownFileType = sourcecode.c.h; path = "Fibonaci-Prefix.pch"; sourceTree = "<group>"; };
		C6D0BBDF296E5D390027D099 /* DetectViewController.swift */ = {isa = PBXFileReference; lastKnownFileType = sourcecode.swift; path = DetectViewController.swift; sourceTree = "<group>"; };
		C6D0BBF6296E68410027D099 /* CoreMedia.framework */ = {isa = PBXFileReference; lastKnownFileType = wrapper.framework; name = CoreMedia.framework; path = System/Library/Frameworks/CoreMedia.framework; sourceTree = SDKROOT; };
		C6D0BBF8296E68500027D099 /* CoreVideo.framework */ = {isa = PBXFileReference; lastKnownFileType = wrapper.framework; name = CoreVideo.framework; path = System/Library/Frameworks/CoreVideo.framework; sourceTree = SDKROOT; };
		C6D0BBFA296E68580027D099 /* AVFoundation.framework */ = {isa = PBXFileReference; lastKnownFileType = wrapper.framework; name = AVFoundation.framework; path = System/Library/Frameworks/AVFoundation.framework; sourceTree = SDKROOT; };
		C6D0BBFC296E68600027D099 /* CoreGraphics.framework */ = {isa = PBXFileReference; lastKnownFileType = wrapper.framework; name = CoreGraphics.framework; path = System/Library/Frameworks/CoreGraphics.framework; sourceTree = SDKROOT; };
		C6D0BBFE296E686A0027D099 /* Foundation.framework */ = {isa = PBXFileReference; lastKnownFileType = wrapper.framework; name = Foundation.framework; path = System/Library/Frameworks/Foundation.framework; sourceTree = SDKROOT; };
		C6D0BC00296E68730027D099 /* ImageIO.framework */ = {isa = PBXFileReference; lastKnownFileType = wrapper.framework; name = ImageIO.framework; path = System/Library/Frameworks/ImageIO.framework; sourceTree = SDKROOT; };
		C6D0BC02296E68840027D099 /* UIKit.framework */ = {isa = PBXFileReference; lastKnownFileType = wrapper.framework; name = UIKit.framework; path = System/Library/Frameworks/UIKit.framework; sourceTree = SDKROOT; };
		C6D0BC05296E68B70027D099 /* libc++.tbd */ = {isa = PBXFileReference; lastKnownFileType = "sourcecode.text-based-dylib-definition"; name = "libc++.tbd"; path = "usr/lib/libc++.tbd"; sourceTree = SDKROOT; };
		C6D0BC06296E68C50027D099 /* QuartzCore.framework */ = {isa = PBXFileReference; lastKnownFileType = wrapper.framework; name = QuartzCore.framework; path = System/Library/Frameworks/QuartzCore.framework; sourceTree = SDKROOT; };
		C6D0BC28296E6E370027D099 /* AssetsLibrary.framework */ = {isa = PBXFileReference; lastKnownFileType = wrapper.framework; name = AssetsLibrary.framework; path = System/Library/Frameworks/AssetsLibrary.framework; sourceTree = SDKROOT; };
		F8D3803A2C7E0EEDC6CE6979 /* Solution.swift */ = {isa = PBXFileReference; fileEncoding = 4; lastKnownFileType = sourcecode.swift; path = Solution.swift; sourceTree = "<group>"; };
		F8D3851A13D65BA3978134EB /* RectangleUtil.swift */ = {isa = PBXFileReference; fileEncoding = 4; lastKnownFileType = sourcecode.swift; name = RectangleUtil.swift; path = Assets.xcassets/RectangleUtil.swift; sourceTree = "<group>"; };
		F8D38A48CA4AAB6ECC5716E8 /* QRCodeUtils.swift */ = {isa = PBXFileReference; fileEncoding = 4; lastKnownFileType = sourcecode.swift; path = QRCodeUtils.swift; sourceTree = "<group>"; };
/* End PBXFileReference section */

/* Begin PBXFrameworksBuildPhase section */
		C6D0BBB5296BA44C0027D099 /* Frameworks */ = {
			isa = PBXFrameworksBuildPhase;
			buildActionMask = 2147483647;
			files = (
				C6D0BBFB296E68580027D099 /* AVFoundation.framework in Frameworks */,
				C6D0BC03296E68840027D099 /* UIKit.framework in Frameworks */,
				C6D0BBFF296E686A0027D099 /* Foundation.framework in Frameworks */,
				C6D0BC01296E68740027D099 /* ImageIO.framework in Frameworks */,
				C6D0BBF7296E68410027D099 /* CoreMedia.framework in Frameworks */,
				C6D0BBFD296E68600027D099 /* CoreGraphics.framework in Frameworks */,
				C6D0BBF9296E68500027D099 /* CoreVideo.framework in Frameworks */,
				C6D0BC07296E68C50027D099 /* QuartzCore.framework in Frameworks */,
				C6D0BC29296E6E380027D099 /* AssetsLibrary.framework in Frameworks */,
			);
			runOnlyForDeploymentPostprocessing = 0;
		};
/* End PBXFrameworksBuildPhase section */

/* Begin PBXGroup section */
		C6D0BBAF296BA44C0027D099 = {
			isa = PBXGroup;
			children = (
				C6D0BBBA296BA44C0027D099 /* Fibonaci */,
				C6D0BBB9296BA44C0027D099 /* Products */,
				C6D0BBF5296E68410027D099 /* Frameworks */,
			);
			sourceTree = "<group>";
		};
		C6D0BBB9296BA44C0027D099 /* Products */ = {
			isa = PBXGroup;
			children = (
				C6D0BBB8296BA44C0027D099 /* Fibonaci.app */,
			);
			name = Products;
			sourceTree = "<group>";
		};
		C6D0BBBA296BA44C0027D099 /* Fibonaci */ = {
			isa = PBXGroup;
			children = (
				C6D0BBBB296BA44C0027D099 /* AppDelegate.swift */,
				C6D0BBBD296BA44C0027D099 /* SceneDelegate.swift */,
				C6D0BBBF296BA44C0027D099 /* ViewController.swift */,
				C6D0BBC1296BA44C0027D099 /* Main.storyboard */,
				C6D0BBC4296BA44E0027D099 /* Assets.xcassets */,
				C6D0BBC6296BA44E0027D099 /* LaunchScreen.storyboard */,
				C6D0BBC9296BA44E0027D099 /* Info.plist */,
				F8D3803A2C7E0EEDC6CE6979 /* Solution.swift */,
				F8D3851A13D65BA3978134EB /* RectangleUtil.swift */,
				F8D38A48CA4AAB6ECC5716E8 /* QRCodeUtils.swift */,
				C6D0BBCF296BAB1E0027D099 /* QRCodeViewController.swift */,
				C6D0BBD1296D0DC90027D099 /* CaptureManager.swift */,
				C6D0BBD5296E51D90027D099 /* Fibonaci-Bridging-Header.h */,
				C6D0BBDB296E52630027D099 /* OpenCVWrapper.h */,
				C6D0BBDC296E52630027D099 /* OpenCVWrapper.mm */,
				C6D0BBDE296E53800027D099 /* Fibonaci-Prefix.pch */,
				C6D0BBDF296E5D390027D099 /* DetectViewController.swift */,
			);
			path = Fibonaci;
			sourceTree = "<group>";
		};
		C6D0BBF5296E68410027D099 /* Frameworks */ = {
			isa = PBXGroup;
			children = (
				C6D0BC28296E6E370027D099 /* AssetsLibrary.framework */,
				C6D0BC06296E68C50027D099 /* QuartzCore.framework */,
				C6D0BC05296E68B70027D099 /* libc++.tbd */,
				C6D0BC02296E68840027D099 /* UIKit.framework */,
				C6D0BC00296E68730027D099 /* ImageIO.framework */,
				C6D0BBFE296E686A0027D099 /* Foundation.framework */,
				C6D0BBFC296E68600027D099 /* CoreGraphics.framework */,
				C6D0BBFA296E68580027D099 /* AVFoundation.framework */,
				C6D0BBF8296E68500027D099 /* CoreVideo.framework */,
				C6D0BBF6296E68410027D099 /* CoreMedia.framework */,
			);
			name = Frameworks;
			sourceTree = "<group>";
		};
/* End PBXGroup section */

/* Begin PBXNativeTarget section */
		C6D0BBB7296BA44C0027D099 /* Fibonaci */ = {
			isa = PBXNativeTarget;
			buildConfigurationList = C6D0BBCC296BA44E0027D099 /* Build configuration list for PBXNativeTarget "Fibonaci" */;
			buildPhases = (
				C6D0BBB4296BA44C0027D099 /* Sources */,
				C6D0BBB5296BA44C0027D099 /* Frameworks */,
				C6D0BBB6296BA44C0027D099 /* Resources */,
			);
			buildRules = (
			);
			dependencies = (
			);
			name = Fibonaci;
			productName = Fibonaci;
			productReference = C6D0BBB8296BA44C0027D099 /* Fibonaci.app */;
			productType = "com.apple.product-type.application";
		};
/* End PBXNativeTarget section */

/* Begin PBXProject section */
		C6D0BBB0296BA44C0027D099 /* Project object */ = {
			isa = PBXProject;
			attributes = {
				BuildIndependentTargetsInParallel = 1;
				LastSwiftUpdateCheck = 1420;
				LastUpgradeCheck = 1420;
				TargetAttributes = {
					C6D0BBB7296BA44C0027D099 = {
						CreatedOnToolsVersion = 14.2;
						LastSwiftMigration = 1420;
					};
				};
			};
			buildConfigurationList = C6D0BBB3296BA44C0027D099 /* Build configuration list for PBXProject "Fibonaci" */;
			compatibilityVersion = "Xcode 14.0";
			developmentRegion = en;
			hasScannedForEncodings = 0;
			knownRegions = (
				en,
				Base,
			);
			mainGroup = C6D0BBAF296BA44C0027D099;
			productRefGroup = C6D0BBB9296BA44C0027D099 /* Products */;
			projectDirPath = "";
			projectRoot = "";
			targets = (
				C6D0BBB7296BA44C0027D099 /* Fibonaci */,
			);
		};
/* End PBXProject section */

/* Begin PBXResourcesBuildPhase section */
		C6D0BBB6296BA44C0027D099 /* Resources */ = {
			isa = PBXResourcesBuildPhase;
			buildActionMask = 2147483647;
			files = (
				C6D0BBC8296BA44E0027D099 /* LaunchScreen.storyboard in Resources */,
				C6D0BBC5296BA44E0027D099 /* Assets.xcassets in Resources */,
				C6D0BBC3296BA44C0027D099 /* Main.storyboard in Resources */,
			);
			runOnlyForDeploymentPostprocessing = 0;
		};
/* End PBXResourcesBuildPhase section */

/* Begin PBXSourcesBuildPhase section */
		C6D0BBB4296BA44C0027D099 /* Sources */ = {
			isa = PBXSourcesBuildPhase;
			buildActionMask = 2147483647;
			files = (
				C6D0BBC0296BA44C0027D099 /* ViewController.swift in Sources */,
				C6D0BBBC296BA44C0027D099 /* AppDelegate.swift in Sources */,
				C6D0BBBE296BA44C0027D099 /* SceneDelegate.swift in Sources */,
				F8D3837865034348CE5EC68F /* Solution.swift in Sources */,
				F8D38D6E3BD8B8F82ACE9423 /* RectangleUtil.swift in Sources */,
				C6D0BBDD296E52630027D099 /* OpenCVWrapper.mm in Sources */,
				C6D0BBD0296BAB1E0027D099 /* QRCodeViewController.swift in Sources */,
				C6D0BBE0296E5D390027D099 /* DetectViewController.swift in Sources */,
				C6D0BBD2296D0DC90027D099 /* CaptureManager.swift in Sources */,
				F8D381A274F9E699EB355257 /* QRCodeUtils.swift in Sources */,
			);
			runOnlyForDeploymentPostprocessing = 0;
		};
/* End PBXSourcesBuildPhase section */

/* Begin PBXVariantGroup section */
		C6D0BBC1296BA44C0027D099 /* Main.storyboard */ = {
			isa = PBXVariantGroup;
			children = (
				C6D0BBC2296BA44C0027D099 /* Base */,
			);
			name = Main.storyboard;
			sourceTree = "<group>";
		};
		C6D0BBC6296BA44E0027D099 /* LaunchScreen.storyboard */ = {
			isa = PBXVariantGroup;
			children = (
				C6D0BBC7296BA44E0027D099 /* Base */,
			);
			name = LaunchScreen.storyboard;
			sourceTree = "<group>";
		};
/* End PBXVariantGroup section */

/* Begin XCBuildConfiguration section */
		C6D0BBCA296BA44E0027D099 /* Debug */ = {
			isa = XCBuildConfiguration;
			buildSettings = {
				ALWAYS_SEARCH_USER_PATHS = NO;
				CLANG_ANALYZER_NONNULL = YES;
				CLANG_ANALYZER_NUMBER_OBJECT_CONVERSION = YES_AGGRESSIVE;
				CLANG_CXX_LANGUAGE_STANDARD = "gnu++20";
				CLANG_ENABLE_MODULES = YES;
				CLANG_ENABLE_OBJC_ARC = YES;
				CLANG_ENABLE_OBJC_WEAK = YES;
				CLANG_WARN_BLOCK_CAPTURE_AUTORELEASING = YES;
				CLANG_WARN_BOOL_CONVERSION = YES;
				CLANG_WARN_COMMA = YES;
				CLANG_WARN_CONSTANT_CONVERSION = YES;
				CLANG_WARN_DEPRECATED_OBJC_IMPLEMENTATIONS = YES;
				CLANG_WARN_DIRECT_OBJC_ISA_USAGE = YES_ERROR;
				CLANG_WARN_DOCUMENTATION_COMMENTS = YES;
				CLANG_WARN_EMPTY_BODY = YES;
				CLANG_WARN_ENUM_CONVERSION = YES;
				CLANG_WARN_INFINITE_RECURSION = YES;
				CLANG_WARN_INT_CONVERSION = YES;
				CLANG_WARN_NON_LITERAL_NULL_CONVERSION = YES;
				CLANG_WARN_OBJC_IMPLICIT_RETAIN_SELF = YES;
				CLANG_WARN_OBJC_LITERAL_CONVERSION = YES;
				CLANG_WARN_OBJC_ROOT_CLASS = YES_ERROR;
				CLANG_WARN_QUOTED_INCLUDE_IN_FRAMEWORK_HEADER = YES;
				CLANG_WARN_RANGE_LOOP_ANALYSIS = YES;
				CLANG_WARN_STRICT_PROTOTYPES = YES;
				CLANG_WARN_SUSPICIOUS_MOVE = YES;
				CLANG_WARN_UNGUARDED_AVAILABILITY = YES_AGGRESSIVE;
				CLANG_WARN_UNREACHABLE_CODE = YES;
				CLANG_WARN__DUPLICATE_METHOD_MATCH = YES;
				COPY_PHASE_STRIP = NO;
				DEBUG_INFORMATION_FORMAT = dwarf;
				ENABLE_STRICT_OBJC_MSGSEND = YES;
				ENABLE_TESTABILITY = YES;
				GCC_C_LANGUAGE_STANDARD = gnu11;
				GCC_DYNAMIC_NO_PIC = NO;
				GCC_NO_COMMON_BLOCKS = YES;
				GCC_OPTIMIZATION_LEVEL = 0;
				GCC_PREPROCESSOR_DEFINITIONS = (
					"DEBUG=1",
					"$(inherited)",
				);
				GCC_WARN_64_TO_32_BIT_CONVERSION = YES;
				GCC_WARN_ABOUT_RETURN_TYPE = YES_ERROR;
				GCC_WARN_UNDECLARED_SELECTOR = YES;
				GCC_WARN_UNINITIALIZED_AUTOS = YES_AGGRESSIVE;
				GCC_WARN_UNUSED_FUNCTION = YES;
				GCC_WARN_UNUSED_VARIABLE = YES;
				IPHONEOS_DEPLOYMENT_TARGET = 13.0;
				MTL_ENABLE_DEBUG_INFO = INCLUDE_SOURCE;
				MTL_FAST_MATH = YES;
				ONLY_ACTIVE_ARCH = YES;
				SDKROOT = iphoneos;
				SWIFT_ACTIVE_COMPILATION_CONDITIONS = DEBUG;
				SWIFT_OPTIMIZATION_LEVEL = "-Onone";
			};
			name = Debug;
		};
		C6D0BBCB296BA44E0027D099 /* Release */ = {
			isa = XCBuildConfiguration;
			buildSettings = {
				ALWAYS_SEARCH_USER_PATHS = NO;
				CLANG_ANALYZER_NONNULL = YES;
				CLANG_ANALYZER_NUMBER_OBJECT_CONVERSION = YES_AGGRESSIVE;
				CLANG_CXX_LANGUAGE_STANDARD = "gnu++20";
				CLANG_ENABLE_MODULES = YES;
				CLANG_ENABLE_OBJC_ARC = YES;
				CLANG_ENABLE_OBJC_WEAK = YES;
				CLANG_WARN_BLOCK_CAPTURE_AUTORELEASING = YES;
				CLANG_WARN_BOOL_CONVERSION = YES;
				CLANG_WARN_COMMA = YES;
				CLANG_WARN_CONSTANT_CONVERSION = YES;
				CLANG_WARN_DEPRECATED_OBJC_IMPLEMENTATIONS = YES;
				CLANG_WARN_DIRECT_OBJC_ISA_USAGE = YES_ERROR;
				CLANG_WARN_DOCUMENTATION_COMMENTS = YES;
				CLANG_WARN_EMPTY_BODY = YES;
				CLANG_WARN_ENUM_CONVERSION = YES;
				CLANG_WARN_INFINITE_RECURSION = YES;
				CLANG_WARN_INT_CONVERSION = YES;
				CLANG_WARN_NON_LITERAL_NULL_CONVERSION = YES;
				CLANG_WARN_OBJC_IMPLICIT_RETAIN_SELF = YES;
				CLANG_WARN_OBJC_LITERAL_CONVERSION = YES;
				CLANG_WARN_OBJC_ROOT_CLASS = YES_ERROR;
				CLANG_WARN_QUOTED_INCLUDE_IN_FRAMEWORK_HEADER = YES;
				CLANG_WARN_RANGE_LOOP_ANALYSIS = YES;
				CLANG_WARN_STRICT_PROTOTYPES = YES;
				CLANG_WARN_SUSPICIOUS_MOVE = YES;
				CLANG_WARN_UNGUARDED_AVAILABILITY = YES_AGGRESSIVE;
				CLANG_WARN_UNREACHABLE_CODE = YES;
				CLANG_WARN__DUPLICATE_METHOD_MATCH = YES;
				COPY_PHASE_STRIP = NO;
				DEBUG_INFORMATION_FORMAT = "dwarf-with-dsym";
				ENABLE_NS_ASSERTIONS = NO;
				ENABLE_STRICT_OBJC_MSGSEND = YES;
				GCC_C_LANGUAGE_STANDARD = gnu11;
				GCC_NO_COMMON_BLOCKS = YES;
				GCC_WARN_64_TO_32_BIT_CONVERSION = YES;
				GCC_WARN_ABOUT_RETURN_TYPE = YES_ERROR;
				GCC_WARN_UNDECLARED_SELECTOR = YES;
				GCC_WARN_UNINITIALIZED_AUTOS = YES_AGGRESSIVE;
				GCC_WARN_UNUSED_FUNCTION = YES;
				GCC_WARN_UNUSED_VARIABLE = YES;
				IPHONEOS_DEPLOYMENT_TARGET = 13.0;
				MTL_ENABLE_DEBUG_INFO = NO;
				MTL_FAST_MATH = YES;
				SDKROOT = iphoneos;
				SWIFT_COMPILATION_MODE = wholemodule;
				SWIFT_OPTIMIZATION_LEVEL = "-O";
				VALIDATE_PRODUCT = YES;
			};
			name = Release;
		};
		C6D0BBCD296BA44E0027D099 /* Debug */ = {
			isa = XCBuildConfiguration;
			buildSettings = {
				ASSETCATALOG_COMPILER_APPICON_NAME = AppIcon;
				ASSETCATALOG_COMPILER_GLOBAL_ACCENT_COLOR_NAME = AccentColor;
				CLANG_ENABLE_MODULES = YES;
				CODE_SIGN_STYLE = Automatic;
				CURRENT_PROJECT_VERSION = 1;
				DEVELOPMENT_TEAM = EA55T84SX3;
				FRAMEWORK_SEARCH_PATHS = (
					"$(inherited)",
					"$(PROJECT_DIR)",
				);
				GCC_PREFIX_HEADER = "Fibonaci/Fibonaci-Prefix.pch";
				GENERATE_INFOPLIST_FILE = YES;
				INFOPLIST_FILE = Fibonaci/Info.plist;
				INFOPLIST_KEY_UIApplicationSupportsIndirectInputEvents = YES;
				INFOPLIST_KEY_UILaunchStoryboardName = LaunchScreen;
				INFOPLIST_KEY_UIMainStoryboardFile = Main;
				INFOPLIST_KEY_UISupportedInterfaceOrientations_iPad = "UIInterfaceOrientationPortrait UIInterfaceOrientationPortraitUpsideDown UIInterfaceOrientationLandscapeLeft UIInterfaceOrientationLandscapeRight";
				INFOPLIST_KEY_UISupportedInterfaceOrientations_iPhone = "UIInterfaceOrientationPortrait UIInterfaceOrientationLandscapeLeft UIInterfaceOrientationLandscapeRight";
				LD_RUNPATH_SEARCH_PATHS = (
					"$(inherited)",
					"@executable_path/Frameworks",
				);
				MARKETING_VERSION = 1.0;
				PRODUCT_BUNDLE_IDENTIFIER = net.goodcycle.Fibonaci;
				PRODUCT_NAME = "$(TARGET_NAME)";
				SWIFT_EMIT_LOC_STRINGS = YES;
				SWIFT_OBJC_BRIDGING_HEADER = "Fibonaci/Fibonaci-Bridging-Header.h";
				SWIFT_OPTIMIZATION_LEVEL = "-Onone";
				SWIFT_VERSION = 5.0;
				TARGETED_DEVICE_FAMILY = "1,2";
			};
			name = Debug;
		};
		C6D0BBCE296BA44E0027D099 /* Release */ = {
			isa = XCBuildConfiguration;
			buildSettings = {
				ASSETCATALOG_COMPILER_APPICON_NAME = AppIcon;
				ASSETCATALOG_COMPILER_GLOBAL_ACCENT_COLOR_NAME = AccentColor;
				CLANG_ENABLE_MODULES = YES;
				CODE_SIGN_STYLE = Automatic;
				CURRENT_PROJECT_VERSION = 1;
				DEVELOPMENT_TEAM = EA55T84SX3;
				FRAMEWORK_SEARCH_PATHS = (
					"$(inherited)",
					"$(PROJECT_DIR)",
				);
				GCC_PREFIX_HEADER = "Fibonaci/Fibonaci-Prefix.pch";
				GENERATE_INFOPLIST_FILE = YES;
				INFOPLIST_FILE = Fibonaci/Info.plist;
				INFOPLIST_KEY_UIApplicationSupportsIndirectInputEvents = YES;
				INFOPLIST_KEY_UILaunchStoryboardName = LaunchScreen;
				INFOPLIST_KEY_UIMainStoryboardFile = Main;
				INFOPLIST_KEY_UISupportedInterfaceOrientations_iPad = "UIInterfaceOrientationPortrait UIInterfaceOrientationPortraitUpsideDown UIInterfaceOrientationLandscapeLeft UIInterfaceOrientationLandscapeRight";
				INFOPLIST_KEY_UISupportedInterfaceOrientations_iPhone = "UIInterfaceOrientationPortrait UIInterfaceOrientationLandscapeLeft UIInterfaceOrientationLandscapeRight";
				LD_RUNPATH_SEARCH_PATHS = (
					"$(inherited)",
					"@executable_path/Frameworks",
				);
				MARKETING_VERSION = 1.0;
				PRODUCT_BUNDLE_IDENTIFIER = net.goodcycle.Fibonaci;
				PRODUCT_NAME = "$(TARGET_NAME)";
				SWIFT_EMIT_LOC_STRINGS = YES;
				SWIFT_OBJC_BRIDGING_HEADER = "Fibonaci/Fibonaci-Bridging-Header.h";
				SWIFT_VERSION = 5.0;
				TARGETED_DEVICE_FAMILY = "1,2";
			};
			name = Release;
		};
/* End XCBuildConfiguration section */

/* Begin XCConfigurationList section */
		C6D0BBB3296BA44C0027D099 /* Build configuration list for PBXProject "Fibonaci" */ = {
			isa = XCConfigurationList;
			buildConfigurations = (
				C6D0BBCA296BA44E0027D099 /* Debug */,
				C6D0BBCB296BA44E0027D099 /* Release */,
			);
			defaultConfigurationIsVisible = 0;
			defaultConfigurationName = Release;
		};
		C6D0BBCC296BA44E0027D099 /* Build configuration list for PBXNativeTarget "Fibonaci" */ = {
			isa = XCConfigurationList;
			buildConfigurations = (
				C6D0BBCD296BA44E0027D099 /* Debug */,
				C6D0BBCE296BA44E0027D099 /* Release */,
			);
			defaultConfigurationIsVisible = 0;
			defaultConfigurationName = Release;
		};
/* End XCConfigurationList section */
	};
	rootObject = C6D0BBB0296BA44C0027D099 /* Project object */;
}
